{
  "requires": true,
  "lockfileVersion": 1,
  "dependencies": {
    "lodash": {
      "version": "4.17.21",
      "resolved": "https://registry.npmjs.org/lodash/-/lodash-4.17.21.tgz",
      "integrity": "sha512-v2kDEe57lecTulaDIuNTPy3Ry4gLGJ6Z1O3vE1krgXZNrsQ+LFTGHVxVjcXPs17LhbZVGedAJv8XZ1tvj5FvSg=="
    },
    "react-particles-js": {
      "version": "3.5.1",
      "resolved": "https://registry.npmjs.org/react-particles-js/-/react-particles-js-3.5.1.tgz",
      "integrity": "sha512-CrJGA7karrKsnNeRgacW13s59PWrjnGg6mp7wPebA6zU4z/bMqRDdwpTn71fvYIJ0nCmJhAX5YeBcqDvut2Xfg==",
      "requires": {
        "lodash": "^4.17.11"
      }
    }
  }
}
